{
  "name": "tsbuffer-schema-generator",
  "version": "1.0.0",
  "lockfileVersion": 1,
  "requires": true,
  "dependencies": {
    "tsbuffer-schema": {
      "version": "0.1.0",
      "resolved": "https://registry.npmjs.org/tsbuffer-schema/-/tsbuffer-schema-0.1.0.tgz",
      "integrity": "sha512-zuL2d/7mSK6J3/vLJddKg7s23FDA0G+uRuokw0P1ABiISOSZgAUv9QHQuOoZ0btgoD3maPKPNIZOWoTdZ0gRXg=="
    }
  }
}
